{
    "name": "test-proj",
    "version": "1.0.0",
    "lockfileVersion": 3,
    "requires": true,
    "packages": {
        "": {
            "name": "test-proj",
            "version": "1.0.0",
            "license": "ISC",
            "dependencies": {
                "@hookplane/stripe": "file:../../../providers/stripe",
                "hookplane": "file:../../hookplane"
            }
        },
        "../../../providers/stripe": {
            "name": "@hookplane/stripe",
            "version": "0.0.0",
            "dependencies": {
                "neverthrow": "^8.2.0",
                "stripe": "^20.4.1",
                "zod": "^4.3.6"
            },
            "devDependencies": {
                "@repo/eslint-config": "workspace:*",
                "@repo/typescript-config": "workspace:*",
                "@types/node": "^22.15.3",
                "vite": "^8.0.0",
                "vitest": "^4.1.0"
            },
            "peerDependencies": {
                "@hookplane/provider": "workspace:*"
            }
        },
        "../../hookplane": {
            "version": "0.0.0",
            "dependencies": {
                "@hookplane/core": "workspace:*"
            },
            "devDependencies": {
                "@hookplane/stripe": "workspace:*",
                "@repo/eslint-config": "workspace:*",
                "@repo/typescript-config": "workspace:*",
                "@types/node": "^22.15.3",
                "vite": "^8.0.0",
                "vitest": "^4.1.2"
            }
        },
        "node_modules/@hookplane/stripe": {
            "resolved": "../../../providers/stripe",
            "link": true
        },
        "node_modules/hookplane": {
            "resolved": "../../hookplane",
            "link": true
        }
    }
}
